// !$*UTF8*$!
{
	archiveVersion = 1;
	classes = {
	};
	objectVersion = 46;
	objects = {

/* Begin PBXBuildFile section */
		F75F527120135F1553F379A5 /* libPods.a in Frameworks */ = {isa = PBXBuildFile; fileRef = FA98F9C1F5D3AF2E1CF37BB9 /* libPods.a */; };
		FD1B00011B9005B500E5FE74 /* ViewController.m in Sources */ = {isa = PBXBuildFile; fileRef = FD1B00001B9005B500E5FE74 /* ViewController.m */; };
		FD1B00091B9005B500E5FE74 /* LaunchScreen.xib in Resources */ = {isa = PBXBuildFile; fileRef = FD1B00071B9005B500E5FE74 /* LaunchScreen.xib */; };
		FD1B00251B900B5C00E5FE74 /* TrickViewController.m in Sources */ = {isa = PBXBuildFile; fileRef = FD1B00241B900B5C00E5FE74 /* TrickViewController.m */; };
		FD1B00281B900B8700E5FE74 /* RiddleViewController.m in Sources */ = {isa = PBXBuildFile; fileRef = FD1B00271B900B8700E5FE74 /* RiddleViewController.m */; };
		FD1B002B1B900C8200E5FE74 /* SayingViewController.m in Sources */ = {isa = PBXBuildFile; fileRef = FD1B002A1B900C8200E5FE74 /* SayingViewController.m */; };
		FD1B002D1B900DEC00E5FE74 /* Localizable.strings in Resources */ = {isa = PBXBuildFile; fileRef = FD1B002C1B900DEC00E5FE74 /* Localizable.strings */; };
		FD1B00331B904A5000E5FE74 /* Images.xcassets in Resources */ = {isa = PBXBuildFile; fileRef = FD1B00321B904A5000E5FE74 /* Images.xcassets */; };
		FD1B00A71B90647300E5FE74 /* MBProgressHUD.m in Sources */ = {isa = PBXBuildFile; fileRef = FD1B00A61B90647300E5FE74 /* MBProgressHUD.m */; };
		FD1B01021B90655400E5FE74 /* MKAnnotationView+WebCache.m in Sources */ = {isa = PBXBuildFile; fileRef = FD1B00E21B90655400E5FE74 /* MKAnnotationView+WebCache.m */; };
		FD1B01031B90655400E5FE74 /* NSData+ImageContentType.m in Sources */ = {isa = PBXBuildFile; fileRef = FD1B00E41B90655400E5FE74 /* NSData+ImageContentType.m */; };
		FD1B01041B90655400E5FE74 /* SDImageCache.m in Sources */ = {isa = PBXBuildFile; fileRef = FD1B00E61B90655400E5FE74 /* SDImageCache.m */; };
		FD1B01051B90655400E5FE74 /* SDWebImageCompat.m in Sources */ = {isa = PBXBuildFile; fileRef = FD1B00E81B90655400E5FE74 /* SDWebImageCompat.m */; };
		FD1B01061B90655400E5FE74 /* SDWebImageDecoder.m in Sources */ = {isa = PBXBuildFile; fileRef = FD1B00EA1B90655400E5FE74 /* SDWebImageDecoder.m */; };
		FD1B01071B90655400E5FE74 /* SDWebImageDownloader.m in Sources */ = {isa = PBXBuildFile; fileRef = FD1B00EC1B90655400E5FE74 /* SDWebImageDownloader.m */; };
		FD1B01081B90655400E5FE74 /* SDWebImageDownloaderOperation.m in Sources */ = {isa = PBXBuildFile; fileRef = FD1B00EE1B90655400E5FE74 /* SDWebImageDownloaderOperation.m */; };
		FD1B01091B90655400E5FE74 /* SDWebImageManager.m in Sources */ = {isa = PBXBuildFile; fileRef = FD1B00F01B90655400E5FE74 /* SDWebImageManager.m */; };
		FD1B010A1B90655400E5FE74 /* SDWebImagePrefetcher.m in Sources */ = {isa = PBXBuildFile; fileRef = FD1B00F31B90655400E5FE74 /* SDWebImagePrefetcher.m */; };
		FD1B010B1B90655400E5FE74 /* UIButton+WebCache.m in Sources */ = {isa = PBXBuildFile; fileRef = FD1B00F51B90655400E5FE74 /* UIButton+WebCache.m */; };
		FD1B010C1B90655400E5FE74 /* UIImage+GIF.m in Sources */ = {isa = PBXBuildFile; fileRef = FD1B00F71B90655400E5FE74 /* UIImage+GIF.m */; };
		FD1B010D1B90655400E5FE74 /* UIImage+MultiFormat.m in Sources */ = {isa = PBXBuildFile; fileRef = FD1B00F91B90655400E5FE74 /* UIImage+MultiFormat.m */; };
		FD1B010E1B90655400E5FE74 /* UIImage+WebP.m in Sources */ = {isa = PBXBuildFile; fileRef = FD1B00FB1B90655400E5FE74 /* UIImage+WebP.m */; };
		FD1B010F1B90655400E5FE74 /* UIImageView+HighlightedWebCache.m in Sources */ = {isa = PBXBuildFile; fileRef = FD1B00FD1B90655400E5FE74 /* UIImageView+HighlightedWebCache.m */; };
		FD1B01101B90655400E5FE74 /* UIImageView+WebCache.m in Sources */ = {isa = PBXBuildFile; fileRef = FD1B00FF1B90655400E5FE74 /* UIImageView+WebCache.m */; };
		FD1B01111B90655400E5FE74 /* UIView+WebCacheOperation.m in Sources */ = {isa = PBXBuildFile; fileRef = FD1B01011B90655400E5FE74 /* UIView+WebCacheOperation.m */; };
		FD1B01151B906AD700E5FE74 /* CAPSPageMenu.m in Sources */ = {isa = PBXBuildFile; fileRef = FD1B01141B906AD700E5FE74 /* CAPSPageMenu.m */; };
		FD1BFFF81B9005B500E5FE74 /* main.m in Sources */ = {isa = PBXBuildFile; fileRef = FD1BFFF71B9005B500E5FE74 /* main.m */; };
		FD1BFFFB1B9005B500E5FE74 /* AppDelegate.m in Sources */ = {isa = PBXBuildFile; fileRef = FD1BFFFA1B9005B500E5FE74 /* AppDelegate.m */; };
		FD1BFFFE1B9005B500E5FE74 /* QiQuJoke.xcdatamodeld in Sources */ = {isa = PBXBuildFile; fileRef = FD1BFFFC1B9005B500E5FE74 /* QiQuJoke.xcdatamodeld */; };
		FD45E03F1B96D826003FFF67 /* sdRefeshView_arrow@2x.png in Resources */ = {isa = PBXBuildFile; fileRef = FD45E0351B96D826003FFF67 /* sdRefeshView_arrow@2x.png */; };
		FD45E0401B96D826003FFF67 /* SDRefreshFooterView.m in Sources */ = {isa = PBXBuildFile; fileRef = FD45E0381B96D826003FFF67 /* SDRefreshFooterView.m */; };
		FD45E0411B96D826003FFF67 /* SDRefreshHeaderView.m in Sources */ = {isa = PBXBuildFile; fileRef = FD45E03A1B96D826003FFF67 /* SDRefreshHeaderView.m */; };
		FD45E0421B96D826003FFF67 /* SDRefreshView.m in Sources */ = {isa = PBXBuildFile; fileRef = FD45E03C1B96D826003FFF67 /* SDRefreshView.m */; };
		FD45E0431B96D826003FFF67 /* UIView+SDExtension.m in Sources */ = {isa = PBXBuildFile; fileRef = FD45E03E1B96D826003FFF67 /* UIView+SDExtension.m */; };
		FD55042A1B9418DC0003A4A9 /* TrickManager.m in Sources */ = {isa = PBXBuildFile; fileRef = FD5504291B9418DC0003A4A9 /* TrickManager.m */; };
		FD55042E1B9419150003A4A9 /* TrickModel.m in Sources */ = {isa = PBXBuildFile; fileRef = FD55042D1B9419150003A4A9 /* TrickModel.m */; };
		FD87B07B1B9C1354006F4C06 /* RiddleManager.m in Sources */ = {isa = PBXBuildFile; fileRef = FD87B07A1B9C1354006F4C06 /* RiddleManager.m */; };
		FD87B07E1B9C1364006F4C06 /* SayingManager.m in Sources */ = {isa = PBXBuildFile; fileRef = FD87B07D1B9C1364006F4C06 /* SayingManager.m */; };
		FD87B0811B9C13C0006F4C06 /* RiddleModel.m in Sources */ = {isa = PBXBuildFile; fileRef = FD87B0801B9C13C0006F4C06 /* RiddleModel.m */; };
		FD87B0841B9C1402006F4C06 /* SayingModel.m in Sources */ = {isa = PBXBuildFile; fileRef = FD87B0831B9C1402006F4C06 /* SayingModel.m */; };
		FDBAA50D1B9541D000F544A6 /* UIManager.m in Sources */ = {isa = PBXBuildFile; fileRef = FDBAA50C1B9541D000F544A6 /* UIManager.m */; };
		FDBAA5101B954AC600F544A6 /* CommonTableViewController.m in Sources */ = {isa = PBXBuildFile; fileRef = FDBAA50F1B954AC600F544A6 /* CommonTableViewController.m */; };
		FDBAA5151B958F5D00F544A6 /* CommonSingleQuestViewController.m in Sources */ = {isa = PBXBuildFile; fileRef = FDBAA5141B958F5D00F544A6 /* CommonSingleQuestViewController.m */; };
		FDBAA5181B968FFD00F544A6 /* NSString+MessageDigest.m in Sources */ = {isa = PBXBuildFile; fileRef = FDBAA5171B968FFD00F544A6 /* NSString+MessageDigest.m */; };
/* End PBXBuildFile section */

/* Begin PBXContainerItemProxy section */
		FD1B000F1B9005B500E5FE74 /* PBXContainerItemProxy */ = {
			isa = PBXContainerItemProxy;
			containerPortal = FD1BFFEA1B9005B500E5FE74 /* Project object */;
			proxyType = 1;
			remoteGlobalIDString = FD1BFFF11B9005B500E5FE74;
			remoteInfo = QiQuJoke;
		};
/* End PBXContainerItemProxy section */

/* Begin PBXFileReference section */
		1810D4AC4F9A13670FC25435 /* Pods.debug.xcconfig */ = {isa = PBXFileReference; includeInIndex = 1; lastKnownFileType = text.xcconfig; name = Pods.debug.xcconfig; path = "Pods/Target Support Files/Pods/Pods.debug.xcconfig"; sourceTree = "<group>"; };
		8E2DCDEEA6F3A593C2402EEC /* Pods.release.xcconfig */ = {isa = PBXFileReference; includeInIndex = 1; lastKnownFileType = text.xcconfig; name = Pods.release.xcconfig; path = "Pods/Target Support Files/Pods/Pods.release.xcconfig"; sourceTree = "<group>"; };
		FA98F9C1F5D3AF2E1CF37BB9 /* libPods.a */ = {isa = PBXFileReference; explicitFileType = archive.ar; includeInIndex = 0; path = libPods.a; sourceTree = BUILT_PRODUCTS_DIR; };
		FD1B00001B9005B500E5FE74 /* ViewController.m */ = {isa = PBXFileReference; lastKnownFileType = sourcecode.c.objc; path = ViewController.m; sourceTree = "<group>"; };
		FD1B00081B9005B500E5FE74 /* Base */ = {isa = PBXFileReference; lastKnownFileType = file.xib; name = Base; path = Base.lproj/LaunchScreen.xib; sourceTree = "<group>"; };
		FD1B000E1B9005B500E5FE74 /* QiQuJokeTests.xctest */ = {isa = PBXFileReference; explicitFileType = wrapper.cfbundle; includeInIndex = 0; path = QiQuJokeTests.xctest; sourceTree = BUILT_PRODUCTS_DIR; };
		FD1B00231B900B5C00E5FE74 /* TrickViewController.h */ = {isa = PBXFileReference; fileEncoding = 4; lastKnownFileType = sourcecode.c.h; path = TrickViewController.h; sourceTree = "<group>"; };
		FD1B00241B900B5C00E5FE74 /* TrickViewController.m */ = {isa = PBXFileReference; fileEncoding = 4; lastKnownFileType = sourcecode.c.objc; path = TrickViewController.m; sourceTree = "<group>"; };
		FD1B00261B900B8700E5FE74 /* RiddleViewController.h */ = {isa = PBXFileReference; fileEncoding = 4; lastKnownFileType = sourcecode.c.h; path = RiddleViewController.h; sourceTree = "<group>"; };
		FD1B00271B900B8700E5FE74 /* RiddleViewController.m */ = {isa = PBXFileReference; fileEncoding = 4; lastKnownFileType = sourcecode.c.objc; path = RiddleViewController.m; sourceTree = "<group>"; };
		FD1B00291B900C8200E5FE74 /* SayingViewController.h */ = {isa = PBXFileReference; fileEncoding = 4; lastKnownFileType = sourcecode.c.h; path = SayingViewController.h; sourceTree = "<group>"; };
		FD1B002A1B900C8200E5FE74 /* SayingViewController.m */ = {isa = PBXFileReference; fileEncoding = 4; lastKnownFileType = sourcecode.c.objc; path = SayingViewController.m; sourceTree = "<group>"; };
		FD1B002C1B900DEC00E5FE74 /* Localizable.strings */ = {isa = PBXFileReference; fileEncoding = 4; lastKnownFileType = text.plist.strings; path = Localizable.strings; sourceTree = "<group>"; };
		FD1B00321B904A5000E5FE74 /* Images.xcassets */ = {isa = PBXFileReference; lastKnownFileType = folder.assetcatalog; path = Images.xcassets; sourceTree = "<group>"; };
		FD1B00A51B90647300E5FE74 /* MBProgressHUD.h */ = {isa = PBXFileReference; fileEncoding = 4; lastKnownFileType = sourcecode.c.h; path = MBProgressHUD.h; sourceTree = "<group>"; };
		FD1B00A61B90647300E5FE74 /* MBProgressHUD.m */ = {isa = PBXFileReference; fileEncoding = 4; lastKnownFileType = sourcecode.c.objc; path = MBProgressHUD.m; sourceTree = "<group>"; };
		FD1B00E11B90655400E5FE74 /* MKAnnotationView+WebCache.h */ = {isa = PBXFileReference; fileEncoding = 4; lastKnownFileType = sourcecode.c.h; path = "MKAnnotationView+WebCache.h"; sourceTree = "<group>"; };
		FD1B00E21B90655400E5FE74 /* MKAnnotationView+WebCache.m */ = {isa = PBXFileReference; fileEncoding = 4; lastKnownFileType = sourcecode.c.objc; path = "MKAnnotationView+WebCache.m"; sourceTree = "<group>"; };
		FD1B00E31B90655400E5FE74 /* NSData+ImageContentType.h */ = {isa = PBXFileReference; fileEncoding = 4; lastKnownFileType = sourcecode.c.h; path = "NSData+ImageContentType.h"; sourceTree = "<group>"; };
		FD1B00E41B90655400E5FE74 /* NSData+ImageContentType.m */ = {isa = PBXFileReference; fileEncoding = 4; lastKnownFileType = sourcecode.c.objc; path = "NSData+ImageContentType.m"; sourceTree = "<group>"; };
		FD1B00E51B90655400E5FE74 /* SDImageCache.h */ = {isa = PBXFileReference; fileEncoding = 4; lastKnownFileType = sourcecode.c.h; path = SDImageCache.h; sourceTree = "<group>"; };
		FD1B00E61B90655400E5FE74 /* SDImageCache.m */ = {isa = PBXFileReference; fileEncoding = 4; lastKnownFileType = sourcecode.c.objc; path = SDImageCache.m; sourceTree = "<group>"; };
		FD1B00E71B90655400E5FE74 /* SDWebImageCompat.h */ = {isa = PBXFileReference; fileEncoding = 4; lastKnownFileType = sourcecode.c.h; path = SDWebImageCompat.h; sourceTree = "<group>"; };
		FD1B00E81B90655400E5FE74 /* SDWebImageCompat.m */ = {isa = PBXFileReference; fileEncoding = 4; lastKnownFileType = sourcecode.c.objc; path = SDWebImageCompat.m; sourceTree = "<group>"; };
		FD1B00E91B90655400E5FE74 /* SDWebImageDecoder.h */ = {isa = PBXFileReference; fileEncoding = 4; lastKnownFileType = sourcecode.c.h; path = SDWebImageDecoder.h; sourceTree = "<group>"; };
		FD1B00EA1B90655400E5FE74 /* SDWebImageDecoder.m */ = {isa = PBXFileReference; fileEncoding = 4; lastKnownFileType = sourcecode.c.objc; path = SDWebImageDecoder.m; sourceTree = "<group>"; };
		FD1B00EB1B90655400E5FE74 /* SDWebImageDownloader.h */ = {isa = PBXFileReference; fileEncoding = 4; lastKnownFileType = sourcecode.c.h; path = SDWebImageDownloader.h; sourceTree = "<group>"; };
		FD1B00EC1B90655400E5FE74 /* SDWebImageDownloader.m */ = {isa = PBXFileReference; fileEncoding = 4; lastKnownFileType = sourcecode.c.objc; path = SDWebImageDownloader.m; sourceTree = "<group>"; };
		FD1B00ED1B90655400E5FE74 /* SDWebImageDownloaderOperation.h */ = {isa = PBXFileReference; fileEncoding = 4; lastKnownFileType = sourcecode.c.h; path = SDWebImageDownloaderOperation.h; sourceTree = "<group>"; };
		FD1B00EE1B90655400E5FE74 /* SDWebImageDownloaderOperation.m */ = {isa = PBXFileReference; fileEncoding = 4; lastKnownFileType = sourcecode.c.objc; path = SDWebImageDownloaderOperation.m; sourceTree = "<group>"; };
		FD1B00EF1B90655400E5FE74 /* SDWebImageManager.h */ = {isa = PBXFileReference; fileEncoding = 4; lastKnownFileType = sourcecode.c.h; path = SDWebImageManager.h; sourceTree = "<group>"; };
		FD1B00F01B90655400E5FE74 /* SDWebImageManager.m */ = {isa = PBXFileReference; fileEncoding = 4; lastKnownFileType = sourcecode.c.objc; path = SDWebImageManager.m; sourceTree = "<group>"; };
		FD1B00F11B90655400E5FE74 /* SDWebImageOperation.h */ = {isa = PBXFileReference; fileEncoding = 4; lastKnownFileType = sourcecode.c.h; path = SDWebImageOperation.h; sourceTree = "<group>"; };
		FD1B00F21B90655400E5FE74 /* SDWebImagePrefetcher.h */ = {isa = PBXFileReference; fileEncoding = 4; lastKnownFileType = sourcecode.c.h; path = SDWebImagePrefetcher.h; sourceTree = "<group>"; };
		FD1B00F31B90655400E5FE74 /* SDWebImagePrefetcher.m */ = {isa = PBXFileReference; fileEncoding = 4; lastKnownFileType = sourcecode.c.objc; path = SDWebImagePrefetcher.m; sourceTree = "<group>"; };
		FD1B00F41B90655400E5FE74 /* UIButton+WebCache.h */ = {isa = PBXFileReference; fileEncoding = 4; lastKnownFileType = sourcecode.c.h; path = "UIButton+WebCache.h"; sourceTree = "<group>"; };
		FD1B00F51B90655400E5FE74 /* UIButton+WebCache.m */ = {isa = PBXFileReference; fileEncoding = 4; lastKnownFileType = sourcecode.c.objc; path = "UIButton+WebCache.m"; sourceTree = "<group>"; };
		FD1B00F61B90655400E5FE74 /* UIImage+GIF.h */ = {isa = PBXFileReference; fileEncoding = 4; lastKnownFileType = sourcecode.c.h; path = "UIImage+GIF.h"; sourceTree = "<group>"; };
		FD1B00F71B90655400E5FE74 /* UIImage+GIF.m */ = {isa = PBXFileReference; fileEncoding = 4; lastKnownFileType = sourcecode.c.objc; path = "UIImage+GIF.m"; sourceTree = "<group>"; };
		FD1B00F81B90655400E5FE74 /* UIImage+MultiFormat.h */ = {isa = PBXFileReference; fileEncoding = 4; lastKnownFileType = sourcecode.c.h; path = "UIImage+MultiFormat.h"; sourceTree = "<group>"; };
		FD1B00F91B90655400E5FE74 /* UIImage+MultiFormat.m */ = {isa = PBXFileReference; fileEncoding = 4; lastKnownFileType = sourcecode.c.objc; path = "UIImage+MultiFormat.m"; sourceTree = "<group>"; };
		FD1B00FA1B90655400E5FE74 /* UIImage+WebP.h */ = {isa = PBXFileReference; fileEncoding = 4; lastKnownFileType = sourcecode.c.h; path = "UIImage+WebP.h"; sourceTree = "<group>"; };
		FD1B00FB1B90655400E5FE74 /* UIImage+WebP.m */ = {isa = PBXFileReference; fileEncoding = 4; lastKnownFileType = sourcecode.c.objc; path = "UIImage+WebP.m"; sourceTree = "<group>"; };
		FD1B00FC1B90655400E5FE74 /* UIImageView+HighlightedWebCache.h */ = {isa = PBXFileReference; fileEncoding = 4; lastKnownFileType = sourcecode.c.h; path = "UIImageView+HighlightedWebCache.h"; sourceTree = "<group>"; };
		FD1B00FD1B90655400E5FE74 /* UIImageView+HighlightedWebCache.m */ = {isa = PBXFileReference; fileEncoding = 4; lastKnownFileType = sourcecode.c.objc; path = "UIImageView+HighlightedWebCache.m"; sourceTree = "<group>"; };
		FD1B00FE1B90655400E5FE74 /* UIImageView+WebCache.h */ = {isa = PBXFileReference; fileEncoding = 4; lastKnownFileType = sourcecode.c.h; path = "UIImageView+WebCache.h"; sourceTree = "<group>"; };
		FD1B00FF1B90655400E5FE74 /* UIImageView+WebCache.m */ = {isa = PBXFileReference; fileEncoding = 4; lastKnownFileType = sourcecode.c.objc; path = "UIImageView+WebCache.m"; sourceTree = "<group>"; };
		FD1B01001B90655400E5FE74 /* UIView+WebCacheOperation.h */ = {isa = PBXFileReference; fileEncoding = 4; lastKnownFileType = sourcecode.c.h; path = "UIView+WebCacheOperation.h"; sourceTree = "<group>"; };
		FD1B01011B90655400E5FE74 /* UIView+WebCacheOperation.m */ = {isa = PBXFileReference; fileEncoding = 4; lastKnownFileType = sourcecode.c.objc; path = "UIView+WebCacheOperation.m"; sourceTree = "<group>"; };
		FD1B01131B906AD700E5FE74 /* CAPSPageMenu.h */ = {isa = PBXFileReference; fileEncoding = 4; lastKnownFileType = sourcecode.c.h; path = CAPSPageMenu.h; sourceTree = "<group>"; };
		FD1B01141B906AD700E5FE74 /* CAPSPageMenu.m */ = {isa = PBXFileReference; fileEncoding = 4; lastKnownFileType = sourcecode.c.objc; path = CAPSPageMenu.m; sourceTree = "<group>"; };
		FD1BFFF21B9005B500E5FE74 /* 猜一猜.app */ = {isa = PBXFileReference; explicitFileType = wrapper.application; includeInIndex = 0; path = "猜一猜.app"; sourceTree = BUILT_PRODUCTS_DIR; };
		FD1BFFF61B9005B500E5FE74 /* Info.plist */ = {isa = PBXFileReference; lastKnownFileType = text.plist.xml; path = Info.plist; sourceTree = "<group>"; };
		FD1BFFF71B9005B500E5FE74 /* main.m */ = {isa = PBXFileReference; lastKnownFileType = sourcecode.c.objc; path = main.m; sourceTree = "<group>"; };
		FD1BFFF91B9005B500E5FE74 /* AppDelegate.h */ = {isa = PBXFileReference; lastKnownFileType = sourcecode.c.h; path = AppDelegate.h; sourceTree = "<group>"; };
		FD1BFFFA1B9005B500E5FE74 /* AppDelegate.m */ = {isa = PBXFileReference; lastKnownFileType = sourcecode.c.objc; path = AppDelegate.m; sourceTree = "<group>"; };
		FD1BFFFD1B9005B500E5FE74 /* QiQuJoke.xcdatamodel */ = {isa = PBXFileReference; lastKnownFileType = wrapper.xcdatamodel; path = QiQuJoke.xcdatamodel; sourceTree = "<group>"; };
		FD1BFFFF1B9005B500E5FE74 /* ViewController.h */ = {isa = PBXFileReference; lastKnownFileType = sourcecode.c.h; path = ViewController.h; sourceTree = "<group>"; };
		FD45E0351B96D826003FFF67 /* sdRefeshView_arrow@2x.png */ = {isa = PBXFileReference; lastKnownFileType = image.png; path = "sdRefeshView_arrow@2x.png"; sourceTree = "<group>"; };
		FD45E0361B96D826003FFF67 /* SDRefresh.h */ = {isa = PBXFileReference; fileEncoding = 4; lastKnownFileType = sourcecode.c.h; path = SDRefresh.h; sourceTree = "<group>"; };
		FD45E0371B96D826003FFF67 /* SDRefreshFooterView.h */ = {isa = PBXFileReference; fileEncoding = 4; lastKnownFileType = sourcecode.c.h; path = SDRefreshFooterView.h; sourceTree = "<group>"; };
		FD45E0381B96D826003FFF67 /* SDRefreshFooterView.m */ = {isa = PBXFileReference; fileEncoding = 4; lastKnownFileType = sourcecode.c.objc; path = SDRefreshFooterView.m; sourceTree = "<group>"; };
		FD45E0391B96D826003FFF67 /* SDRefreshHeaderView.h */ = {isa = PBXFileReference; fileEncoding = 4; lastKnownFileType = sourcecode.c.h; path = SDRefreshHeaderView.h; sourceTree = "<group>"; };
		FD45E03A1B96D826003FFF67 /* SDRefreshHeaderView.m */ = {isa = PBXFileReference; fileEncoding = 4; lastKnownFileType = sourcecode.c.objc; path = SDRefreshHeaderView.m; sourceTree = "<group>"; };
		FD45E03B1B96D826003FFF67 /* SDRefreshView.h */ = {isa = PBXFileReference; fileEncoding = 4; lastKnownFileType = sourcecode.c.h; path = SDRefreshView.h; sourceTree = "<group>"; };
		FD45E03C1B96D826003FFF67 /* SDRefreshView.m */ = {isa = PBXFileReference; fileEncoding = 4; lastKnownFileType = sourcecode.c.objc; path = SDRefreshView.m; sourceTree = "<group>"; };
		FD45E03D1B96D826003FFF67 /* UIView+SDExtension.h */ = {isa = PBXFileReference; fileEncoding = 4; lastKnownFileType = sourcecode.c.h; path = "UIView+SDExtension.h"; sourceTree = "<group>"; };
		FD45E03E1B96D826003FFF67 /* UIView+SDExtension.m */ = {isa = PBXFileReference; fileEncoding = 4; lastKnownFileType = sourcecode.c.objc; path = "UIView+SDExtension.m"; sourceTree = "<group>"; };
		FD5504281B9418DC0003A4A9 /* TrickManager.h */ = {isa = PBXFileReference; fileEncoding = 4; lastKnownFileType = sourcecode.c.h; path = TrickManager.h; sourceTree = "<group>"; };
		FD5504291B9418DC0003A4A9 /* TrickManager.m */ = {isa = PBXFileReference; fileEncoding = 4; lastKnownFileType = sourcecode.c.objc; path = TrickManager.m; sourceTree = "<group>"; };
		FD55042C1B9419150003A4A9 /* TrickModel.h */ = {isa = PBXFileReference; fileEncoding = 4; lastKnownFileType = sourcecode.c.h; path = TrickModel.h; sourceTree = "<group>"; };
		FD55042D1B9419150003A4A9 /* TrickModel.m */ = {isa = PBXFileReference; fileEncoding = 4; lastKnownFileType = sourcecode.c.objc; path = TrickModel.m; sourceTree = "<group>"; };
		FD87B0791B9C1354006F4C06 /* RiddleManager.h */ = {isa = PBXFileReference; fileEncoding = 4; lastKnownFileType = sourcecode.c.h; path = RiddleManager.h; sourceTree = "<group>"; };
		FD87B07A1B9C1354006F4C06 /* RiddleManager.m */ = {isa = PBXFileReference; fileEncoding = 4; lastKnownFileType = sourcecode.c.objc; path = RiddleManager.m; sourceTree = "<group>"; };
		FD87B07C1B9C1364006F4C06 /* SayingManager.h */ = {isa = PBXFileReference; fileEncoding = 4; lastKnownFileType = sourcecode.c.h; path = SayingManager.h; sourceTree = "<group>"; };
		FD87B07D1B9C1364006F4C06 /* SayingManager.m */ = {isa = PBXFileReference; fileEncoding = 4; lastKnownFileType = sourcecode.c.objc; path = SayingManager.m; sourceTree = "<group>"; };
		FD87B07F1B9C13C0006F4C06 /* RiddleModel.h */ = {isa = PBXFileReference; fileEncoding = 4; lastKnownFileType = sourcecode.c.h; path = RiddleModel.h; sourceTree = "<group>"; };
		FD87B0801B9C13C0006F4C06 /* RiddleModel.m */ = {isa = PBXFileReference; fileEncoding = 4; lastKnownFileType = sourcecode.c.objc; path = RiddleModel.m; sourceTree = "<group>"; };
		FD87B0821B9C1402006F4C06 /* SayingModel.h */ = {isa = PBXFileReference; fileEncoding = 4; lastKnownFileType = sourcecode.c.h; path = SayingModel.h; sourceTree = "<group>"; };
		FD87B0831B9C1402006F4C06 /* SayingModel.m */ = {isa = PBXFileReference; fileEncoding = 4; lastKnownFileType = sourcecode.c.objc; path = SayingModel.m; sourceTree = "<group>"; };
		FDBAA50B1B9541D000F544A6 /* UIManager.h */ = {isa = PBXFileReference; fileEncoding = 4; lastKnownFileType = sourcecode.c.h; path = UIManager.h; sourceTree = "<group>"; };
		FDBAA50C1B9541D000F544A6 /* UIManager.m */ = {isa = PBXFileReference; fileEncoding = 4; lastKnownFileType = sourcecode.c.objc; path = UIManager.m; sourceTree = "<group>"; };
		FDBAA50E1B954AC600F544A6 /* CommonTableViewController.h */ = {isa = PBXFileReference; fileEncoding = 4; lastKnownFileType = sourcecode.c.h; path = CommonTableViewController.h; sourceTree = "<group>"; };
		FDBAA50F1B954AC600F544A6 /* CommonTableViewController.m */ = {isa = PBXFileReference; fileEncoding = 4; lastKnownFileType = sourcecode.c.objc; path = CommonTableViewController.m; sourceTree = "<group>"; };
		FDBAA5111B954C0400F544A6 /* EnumManager.h */ = {isa = PBXFileReference; lastKnownFileType = sourcecode.c.h; path = EnumManager.h; sourceTree = "<group>"; };
		FDBAA5121B95843900F544A6 /* DefineManager.h */ = {isa = PBXFileReference; lastKnownFileType = sourcecode.c.h; path = DefineManager.h; sourceTree = "<group>"; };
		FDBAA5131B958F5D00F544A6 /* CommonSingleQuestViewController.h */ = {isa = PBXFileReference; fileEncoding = 4; lastKnownFileType = sourcecode.c.h; path = CommonSingleQuestViewController.h; sourceTree = "<group>"; };
		FDBAA5141B958F5D00F544A6 /* CommonSingleQuestViewController.m */ = {isa = PBXFileReference; fileEncoding = 4; lastKnownFileType = sourcecode.c.objc; path = CommonSingleQuestViewController.m; sourceTree = "<group>"; };
		FDBAA5161B968FFD00F544A6 /* NSString+MessageDigest.h */ = {isa = PBXFileReference; fileEncoding = 4; lastKnownFileType = sourcecode.c.h; path = "NSString+MessageDigest.h"; sourceTree = "<group>"; };
		FDBAA5171B968FFD00F544A6 /* NSString+MessageDigest.m */ = {isa = PBXFileReference; fileEncoding = 4; lastKnownFileType = sourcecode.c.objc; path = "NSString+MessageDigest.m"; sourceTree = "<group>"; };
/* End PBXFileReference section */

/* Begin PBXFrameworksBuildPhase section */
		FD1B000B1B9005B500E5FE74 /* Frameworks */ = {
			isa = PBXFrameworksBuildPhase;
			buildActionMask = 2147483647;
			files = (
			);
			runOnlyForDeploymentPostprocessing = 0;
		};
		FD1BFFEF1B9005B500E5FE74 /* Frameworks */ = {
			isa = PBXFrameworksBuildPhase;
			buildActionMask = 2147483647;
			files = (
				F75F527120135F1553F379A5 /* libPods.a in Frameworks */,
			);
			runOnlyForDeploymentPostprocessing = 0;
		};
/* End PBXFrameworksBuildPhase section */

/* Begin PBXGroup section */
		6DAC04A1CD0FDDF3DBA0BB98 /* Frameworks */ = {
			isa = PBXGroup;
			children = (
				FA98F9C1F5D3AF2E1CF37BB9 /* libPods.a */,
			);
			name = Frameworks;
			sourceTree = "<group>";
		};
		9EF4247BD4FDACB3EC676A28 /* Pods */ = {
			isa = PBXGroup;
			children = (
				1810D4AC4F9A13670FC25435 /* Pods.debug.xcconfig */,
				8E2DCDEEA6F3A593C2402EEC /* Pods.release.xcconfig */,
			);
			name = Pods;
			sourceTree = "<group>";
		};
		FD1B00111B9005B500E5FE74 /* QiQuJokeTests */ = {
			isa = PBXGroup;
			children = (
				FD1B00121B9005B500E5FE74 /* Supporting Files */,
			);
			path = QiQuJokeTests;
			sourceTree = "<group>";
		};
		FD1B00121B9005B500E5FE74 /* Supporting Files */ = {
			isa = PBXGroup;
			children = (
			);
			name = "Supporting Files";
			sourceTree = "<group>";
		};
		FD1B001E1B90066D00E5FE74 /* Controller */ = {
			isa = PBXGroup;
			children = (
				FD1BFFFF1B9005B500E5FE74 /* ViewController.h */,
				FD1B00001B9005B500E5FE74 /* ViewController.m */,
				FD1B00231B900B5C00E5FE74 /* TrickViewController.h */,
				FD1B00241B900B5C00E5FE74 /* TrickViewController.m */,
				FD1B00261B900B8700E5FE74 /* RiddleViewController.h */,
				FD1B00271B900B8700E5FE74 /* RiddleViewController.m */,
				FD1B00291B900C8200E5FE74 /* SayingViewController.h */,
				FD1B002A1B900C8200E5FE74 /* SayingViewController.m */,
				FDBAA50E1B954AC600F544A6 /* CommonTableViewController.h */,
				FDBAA50F1B954AC600F544A6 /* CommonTableViewController.m */,
				FDBAA5131B958F5D00F544A6 /* CommonSingleQuestViewController.h */,
				FDBAA5141B958F5D00F544A6 /* CommonSingleQuestViewController.m */,
			);
			name = Controller;
			sourceTree = "<group>";
		};
		FD1B001F1B90067900E5FE74 /* View */ = {
			isa = PBXGroup;
			children = (
			);
			name = View;
			sourceTree = "<group>";
		};
		FD1B00201B90068000E5FE74 /* Manager */ = {
			isa = PBXGroup;
			children = (
				FD5504281B9418DC0003A4A9 /* TrickManager.h */,
				FD5504291B9418DC0003A4A9 /* TrickManager.m */,
				FDBAA50B1B9541D000F544A6 /* UIManager.h */,
				FDBAA50C1B9541D000F544A6 /* UIManager.m */,
				FDBAA5111B954C0400F544A6 /* EnumManager.h */,
				FDBAA5121B95843900F544A6 /* DefineManager.h */,
				FD87B0791B9C1354006F4C06 /* RiddleManager.h */,
				FD87B07A1B9C1354006F4C06 /* RiddleManager.m */,
				FD87B07C1B9C1364006F4C06 /* SayingManager.h */,
				FD87B07D1B9C1364006F4C06 /* SayingManager.m */,
			);
			name = Manager;
			sourceTree = "<group>";
		};
		FD1B00211B90068900E5FE74 /* Helper */ = {
			isa = PBXGroup;
			children = (
				FDBAA5161B968FFD00F544A6 /* NSString+MessageDigest.h */,
				FDBAA5171B968FFD00F544A6 /* NSString+MessageDigest.m */,
			);
			name = Helper;
			sourceTree = "<group>";
		};
		FD1B00221B90069D00E5FE74 /* ThirdParty */ = {
			isa = PBXGroup;
			children = (
				FD45E0341B96D826003FFF67 /* Lib */,
				FD1B01121B906A7100E5FE74 /* PageMenu */,
				FD1B00E01B90655400E5FE74 /* SDWebImage */,
				FD1B00A41B90644F00E5FE74 /* MBProgressHUD */,
			);
			name = ThirdParty;
			sourceTree = "<group>";
		};
		FD1B00A41B90644F00E5FE74 /* MBProgressHUD */ = {
			isa = PBXGroup;
			children = (
				FD1B00A51B90647300E5FE74 /* MBProgressHUD.h */,
				FD1B00A61B90647300E5FE74 /* MBProgressHUD.m */,
			);
			name = MBProgressHUD;
			sourceTree = "<group>";
		};
		FD1B00E01B90655400E5FE74 /* SDWebImage */ = {
			isa = PBXGroup;
			children = (
				FD1B00E11B90655400E5FE74 /* MKAnnotationView+WebCache.h */,
				FD1B00E21B90655400E5FE74 /* MKAnnotationView+WebCache.m */,
				FD1B00E31B90655400E5FE74 /* NSData+ImageContentType.h */,
				FD1B00E41B90655400E5FE74 /* NSData+ImageContentType.m */,
				FD1B00E51B90655400E5FE74 /* SDImageCache.h */,
				FD1B00E61B90655400E5FE74 /* SDImageCache.m */,
				FD1B00E71B90655400E5FE74 /* SDWebImageCompat.h */,
				FD1B00E81B90655400E5FE74 /* SDWebImageCompat.m */,
				FD1B00E91B90655400E5FE74 /* SDWebImageDecoder.h */,
				FD1B00EA1B90655400E5FE74 /* SDWebImageDecoder.m */,
				FD1B00EB1B90655400E5FE74 /* SDWebImageDownloader.h */,
				FD1B00EC1B90655400E5FE74 /* SDWebImageDownloader.m */,
				FD1B00ED1B90655400E5FE74 /* SDWebImageDownloaderOperation.h */,
				FD1B00EE1B90655400E5FE74 /* SDWebImageDownloaderOperation.m */,
				FD1B00EF1B90655400E5FE74 /* SDWebImageManager.h */,
				FD1B00F01B90655400E5FE74 /* SDWebImageManager.m */,
				FD1B00F11B90655400E5FE74 /* SDWebImageOperation.h */,
				FD1B00F21B90655400E5FE74 /* SDWebImagePrefetcher.h */,
				FD1B00F31B90655400E5FE74 /* SDWebImagePrefetcher.m */,
				FD1B00F41B90655400E5FE74 /* UIButton+WebCache.h */,
				FD1B00F51B90655400E5FE74 /* UIButton+WebCache.m */,
				FD1B00F61B90655400E5FE74 /* UIImage+GIF.h */,
				FD1B00F71B90655400E5FE74 /* UIImage+GIF.m */,
				FD1B00F81B90655400E5FE74 /* UIImage+MultiFormat.h */,
				FD1B00F91B90655400E5FE74 /* UIImage+MultiFormat.m */,
				FD1B00FA1B90655400E5FE74 /* UIImage+WebP.h */,
				FD1B00FB1B90655400E5FE74 /* UIImage+WebP.m */,
				FD1B00FC1B90655400E5FE74 /* UIImageView+HighlightedWebCache.h */,
				FD1B00FD1B90655400E5FE74 /* UIImageView+HighlightedWebCache.m */,
				FD1B00FE1B90655400E5FE74 /* UIImageView+WebCache.h */,
				FD1B00FF1B90655400E5FE74 /* UIImageView+WebCache.m */,
				FD1B01001B90655400E5FE74 /* UIView+WebCacheOperation.h */,
				FD1B01011B90655400E5FE74 /* UIView+WebCacheOperation.m */,
			);
			path = SDWebImage;
			sourceTree = "<group>";
		};
		FD1B01121B906A7100E5FE74 /* PageMenu */ = {
			isa = PBXGroup;
			children = (
				FD1B01131B906AD700E5FE74 /* CAPSPageMenu.h */,
				FD1B01141B906AD700E5FE74 /* CAPSPageMenu.m */,
			);
			name = PageMenu;
			sourceTree = "<group>";
		};
		FD1BFFE91B9005B500E5FE74 = {
			isa = PBXGroup;
			children = (
				FD1BFFF41B9005B500E5FE74 /* QiQuJoke */,
				FD1B00111B9005B500E5FE74 /* QiQuJokeTests */,
				FD1BFFF31B9005B500E5FE74 /* Products */,
				9EF4247BD4FDACB3EC676A28 /* Pods */,
				6DAC04A1CD0FDDF3DBA0BB98 /* Frameworks */,
			);
			sourceTree = "<group>";
		};
		FD1BFFF31B9005B500E5FE74 /* Products */ = {
			isa = PBXGroup;
			children = (
				FD1BFFF21B9005B500E5FE74 /* 猜一猜.app */,
				FD1B000E1B9005B500E5FE74 /* QiQuJokeTests.xctest */,
			);
			name = Products;
			sourceTree = "<group>";
		};
		FD1BFFF41B9005B500E5FE74 /* QiQuJoke */ = {
			isa = PBXGroup;
			children = (
				FD55042B1B9418F70003A4A9 /* Model */,
				FD1B00221B90069D00E5FE74 /* ThirdParty */,
				FD1B00211B90068900E5FE74 /* Helper */,
				FD1B00201B90068000E5FE74 /* Manager */,
				FD1B001F1B90067900E5FE74 /* View */,
				FD1B001E1B90066D00E5FE74 /* Controller */,
				FD1BFFF91B9005B500E5FE74 /* AppDelegate.h */,
				FD1BFFFA1B9005B500E5FE74 /* AppDelegate.m */,
				FD1B00071B9005B500E5FE74 /* LaunchScreen.xib */,
				FD1BFFFC1B9005B500E5FE74 /* QiQuJoke.xcdatamodeld */,
				FD1BFFF51B9005B500E5FE74 /* Supporting Files */,
				FD1B002C1B900DEC00E5FE74 /* Localizable.strings */,
				FD1B00321B904A5000E5FE74 /* Images.xcassets */,
			);
			path = QiQuJoke;
			sourceTree = "<group>";
		};
		FD1BFFF51B9005B500E5FE74 /* Supporting Files */ = {
			isa = PBXGroup;
			children = (
				FD1BFFF61B9005B500E5FE74 /* Info.plist */,
				FD1BFFF71B9005B500E5FE74 /* main.m */,
			);
			name = "Supporting Files";
			sourceTree = "<group>";
		};
		FD45E0341B96D826003FFF67 /* Lib */ = {
			isa = PBXGroup;
			children = (
				FD45E0351B96D826003FFF67 /* sdRefeshView_arrow@2x.png */,
				FD45E0361B96D826003FFF67 /* SDRefresh.h */,
				FD45E0371B96D826003FFF67 /* SDRefreshFooterView.h */,
				FD45E0381B96D826003FFF67 /* SDRefreshFooterView.m */,
				FD45E0391B96D826003FFF67 /* SDRefreshHeaderView.h */,
				FD45E03A1B96D826003FFF67 /* SDRefreshHeaderView.m */,
				FD45E03B1B96D826003FFF67 /* SDRefreshView.h */,
				FD45E03C1B96D826003FFF67 /* SDRefreshView.m */,
				FD45E03D1B96D826003FFF67 /* UIView+SDExtension.h */,
				FD45E03E1B96D826003FFF67 /* UIView+SDExtension.m */,
			);
			path = Lib;
			sourceTree = "<group>";
		};
		FD55042B1B9418F70003A4A9 /* Model */ = {
			isa = PBXGroup;
			children = (
				FD55042C1B9419150003A4A9 /* TrickModel.h */,
				FD55042D1B9419150003A4A9 /* TrickModel.m */,
				FD87B07F1B9C13C0006F4C06 /* RiddleModel.h */,
				FD87B0801B9C13C0006F4C06 /* RiddleModel.m */,
				FD87B0821B9C1402006F4C06 /* SayingModel.h */,
				FD87B0831B9C1402006F4C06 /* SayingModel.m */,
			);
			name = Model;
			sourceTree = "<group>";
		};
/* End PBXGroup section */

/* Begin PBXNativeTarget section */
		FD1B000D1B9005B500E5FE74 /* QiQuJokeTests */ = {
			isa = PBXNativeTarget;
			buildConfigurationList = FD1B001B1B9005B500E5FE74 /* Build configuration list for PBXNativeTarget "QiQuJokeTests" */;
			buildPhases = (
				FD1B000A1B9005B500E5FE74 /* Sources */,
				FD1B000B1B9005B500E5FE74 /* Frameworks */,
				FD1B000C1B9005B500E5FE74 /* Resources */,
			);
			buildRules = (
			);
			dependencies = (
				FD1B00101B9005B500E5FE74 /* PBXTargetDependency */,
			);
			name = QiQuJokeTests;
			productName = QiQuJokeTests;
			productReference = FD1B000E1B9005B500E5FE74 /* QiQuJokeTests.xctest */;
			productType = "com.apple.product-type.bundle.unit-test";
		};
		FD1BFFF11B9005B500E5FE74 /* QiQuJoke */ = {
			isa = PBXNativeTarget;
			buildConfigurationList = FD1B00181B9005B500E5FE74 /* Build configuration list for PBXNativeTarget "QiQuJoke" */;
			buildPhases = (
				FC8D132F33DC85B4184528DC /* Check Pods Manifest.lock */,
				FD1BFFEE1B9005B500E5FE74 /* Sources */,
				FD1BFFEF1B9005B500E5FE74 /* Frameworks */,
				FD1BFFF01B9005B500E5FE74 /* Resources */,
				7075667B20092D296E9A8C6A /* Copy Pods Resources */,
			);
			buildRules = (
			);
			dependencies = (
			);
			name = QiQuJoke;
			productName = QiQuJoke;
			productReference = FD1BFFF21B9005B500E5FE74 /* 猜一猜.app */;
			productType = "com.apple.product-type.application";
		};
/* End PBXNativeTarget section */

/* Begin PBXProject section */
		FD1BFFEA1B9005B500E5FE74 /* Project object */ = {
			isa = PBXProject;
			attributes = {
				LastUpgradeCheck = 0630;
				ORGANIZATIONNAME = "少杰范";
				TargetAttributes = {
					FD1B000D1B9005B500E5FE74 = {
						CreatedOnToolsVersion = 6.3.2;
						TestTargetID = FD1BFFF11B9005B500E5FE74;
					};
					FD1BFFF11B9005B500E5FE74 = {
						CreatedOnToolsVersion = 6.3.2;
					};
				};
			};
			buildConfigurationList = FD1BFFED1B9005B500E5FE74 /* Build configuration list for PBXProject "QiQuJoke" */;
			compatibilityVersion = "Xcode 3.2";
			developmentRegion = English;
			hasScannedForEncodings = 0;
			knownRegions = (
				en,
				Base,
			);
			mainGroup = FD1BFFE91B9005B500E5FE74;
			productRefGroup = FD1BFFF31B9005B500E5FE74 /* Products */;
			projectDirPath = "";
			projectRoot = "";
			targets = (
				FD1BFFF11B9005B500E5FE74 /* QiQuJoke */,
				FD1B000D1B9005B500E5FE74 /* QiQuJokeTests */,
			);
		};
/* End PBXProject section */

/* Begin PBXResourcesBuildPhase section */
		FD1B000C1B9005B500E5FE74 /* Resources */ = {
			isa = PBXResourcesBuildPhase;
			buildActionMask = 2147483647;
			files = (
			);
			runOnlyForDeploymentPostprocessing = 0;
		};
		FD1BFFF01B9005B500E5FE74 /* Resources */ = {
			isa = PBXResourcesBuildPhase;
			buildActionMask = 2147483647;
			files = (
				FD1B00331B904A5000E5FE74 /* Images.xcassets in Resources */,
				FD1B00091B9005B500E5FE74 /* LaunchScreen.xib in Resources */,
				FD1B002D1B900DEC00E5FE74 /* Localizable.strings in Resources */,
				FD45E03F1B96D826003FFF67 /* sdRefeshView_arrow@2x.png in Resources */,
			);
			runOnlyForDeploymentPostprocessing = 0;
		};
/* End PBXResourcesBuildPhase section */

/* Begin PBXShellScriptBuildPhase section */
		7075667B20092D296E9A8C6A /* Copy Pods Resources */ = {
			isa = PBXShellScriptBuildPhase;
			buildActionMask = 2147483647;
			files = (
			);
			inputPaths = (
			);
			name = "Copy Pods Resources";
			outputPaths = (
			);
			runOnlyForDeploymentPostprocessing = 0;
			shellPath = /bin/sh;
			shellScript = "\"${SRCROOT}/Pods/Target Support Files/Pods/Pods-resources.sh\"\n";
			showEnvVarsInLog = 0;
		};
		FC8D132F33DC85B4184528DC /* Check Pods Manifest.lock */ = {
			isa = PBXShellScriptBuildPhase;
			buildActionMask = 2147483647;
			files = (
			);
			inputPaths = (
			);
			name = "Check Pods Manifest.lock";
			outputPaths = (
			);
			runOnlyForDeploymentPostprocessing = 0;
			shellPath = /bin/sh;
			shellScript = "diff \"${PODS_ROOT}/../Podfile.lock\" \"${PODS_ROOT}/Manifest.lock\" > /dev/null\nif [[ $? != 0 ]] ; then\n    cat << EOM\nerror: The sandbox is not in sync with the Podfile.lock. Run 'pod install' or update your CocoaPods installation.\nEOM\n    exit 1\nfi\n";
			showEnvVarsInLog = 0;
		};
/* End PBXShellScriptBuildPhase section */

/* Begin PBXSourcesBuildPhase section */
		FD1B000A1B9005B500E5FE74 /* Sources */ = {
			isa = PBXSourcesBuildPhase;
			buildActionMask = 2147483647;
			files = (
			);
			runOnlyForDeploymentPostprocessing = 0;
		};
		FD1BFFEE1B9005B500E5FE74 /* Sources */ = {
			isa = PBXSourcesBuildPhase;
			buildActionMask = 2147483647;
			files = (
				FD45E0401B96D826003FFF67 /* SDRefreshFooterView.m in Sources */,
				FD87B07B1B9C1354006F4C06 /* RiddleManager.m in Sources */,
				FD1B01111B90655400E5FE74 /* UIView+WebCacheOperation.m in Sources */,
				FD1B01101B90655400E5FE74 /* UIImageView+WebCache.m in Sources */,
				FD45E0411B96D826003FFF67 /* SDRefreshHeaderView.m in Sources */,
				FD1B01031B90655400E5FE74 /* NSData+ImageContentType.m in Sources */,
				FD1B010B1B90655400E5FE74 /* UIButton+WebCache.m in Sources */,
				FD1B010A1B90655400E5FE74 /* SDWebImagePrefetcher.m in Sources */,
				FD1BFFFB1B9005B500E5FE74 /* AppDelegate.m in Sources */,
				FD1B010F1B90655400E5FE74 /* UIImageView+HighlightedWebCache.m in Sources */,
				FD1BFFF81B9005B500E5FE74 /* main.m in Sources */,
				FD1B00281B900B8700E5FE74 /* RiddleViewController.m in Sources */,
				FD87B0841B9C1402006F4C06 /* SayingModel.m in Sources */,
				FD1B01091B90655400E5FE74 /* SDWebImageManager.m in Sources */,
				FD1B01151B906AD700E5FE74 /* CAPSPageMenu.m in Sources */,
				FD55042E1B9419150003A4A9 /* TrickModel.m in Sources */,
				FD1B010C1B90655400E5FE74 /* UIImage+GIF.m in Sources */,
				FD1B002B1B900C8200E5FE74 /* SayingViewController.m in Sources */,
				FD1B00251B900B5C00E5FE74 /* TrickViewController.m in Sources */,
				FD45E0421B96D826003FFF67 /* SDRefreshView.m in Sources */,
				FD1B010D1B90655400E5FE74 /* UIImage+MultiFormat.m in Sources */,
				FDBAA5151B958F5D00F544A6 /* CommonSingleQuestViewController.m in Sources */,
				FDBAA5181B968FFD00F544A6 /* NSString+MessageDigest.m in Sources */,
				FD1B01081B90655400E5FE74 /* SDWebImageDownloaderOperation.m in Sources */,
				FD1B00011B9005B500E5FE74 /* ViewController.m in Sources */,
				FD1B00A71B90647300E5FE74 /* MBProgressHUD.m in Sources */,
				FD1B01061B90655400E5FE74 /* SDWebImageDecoder.m in Sources */,
				FD87B07E1B9C1364006F4C06 /* SayingManager.m in Sources */,
				FD1B010E1B90655400E5FE74 /* UIImage+WebP.m in Sources */,
				FD55042A1B9418DC0003A4A9 /* TrickManager.m in Sources */,
				FD1B01051B90655400E5FE74 /* SDWebImageCompat.m in Sources */,
				FD45E0431B96D826003FFF67 /* UIView+SDExtension.m in Sources */,
				FDBAA50D1B9541D000F544A6 /* UIManager.m in Sources */,
				FD1B01071B90655400E5FE74 /* SDWebImageDownloader.m in Sources */,
				FD87B0811B9C13C0006F4C06 /* RiddleModel.m in Sources */,
				FD1B01021B90655400E5FE74 /* MKAnnotationView+WebCache.m in Sources */,
				FD1BFFFE1B9005B500E5FE74 /* QiQuJoke.xcdatamodeld in Sources */,
				FD1B01041B90655400E5FE74 /* SDImageCache.m in Sources */,
				FDBAA5101B954AC600F544A6 /* CommonTableViewController.m in Sources */,
			);
			runOnlyForDeploymentPostprocessing = 0;
		};
/* End PBXSourcesBuildPhase section */

/* Begin PBXTargetDependency section */
		FD1B00101B9005B500E5FE74 /* PBXTargetDependency */ = {
			isa = PBXTargetDependency;
			target = FD1BFFF11B9005B500E5FE74 /* QiQuJoke */;
			targetProxy = FD1B000F1B9005B500E5FE74 /* PBXContainerItemProxy */;
		};
/* End PBXTargetDependency section */

/* Begin PBXVariantGroup section */
		FD1B00071B9005B500E5FE74 /* LaunchScreen.xib */ = {
			isa = PBXVariantGroup;
			children = (
				FD1B00081B9005B500E5FE74 /* Base */,
			);
			name = LaunchScreen.xib;
			sourceTree = "<group>";
		};
/* End PBXVariantGroup section */

/* Begin XCBuildConfiguration section */
		FD1B00161B9005B500E5FE74 /* Debug */ = {
			isa = XCBuildConfiguration;
			buildSettings = {
				ALWAYS_SEARCH_USER_PATHS = NO;
				CLANG_CXX_LANGUAGE_STANDARD = "gnu++0x";
				CLANG_CXX_LIBRARY = "libc++";
				CLANG_ENABLE_MODULES = YES;
				CLANG_ENABLE_OBJC_ARC = YES;
				CLANG_WARN_BOOL_CONVERSION = YES;
				CLANG_WARN_CONSTANT_CONVERSION = YES;
				CLANG_WARN_DIRECT_OBJC_ISA_USAGE = YES_ERROR;
				CLANG_WARN_EMPTY_BODY = YES;
				CLANG_WARN_ENUM_CONVERSION = YES;
				CLANG_WARN_INT_CONVERSION = YES;
				CLANG_WARN_OBJC_ROOT_CLASS = YES_ERROR;
				CLANG_WARN_UNREACHABLE_CODE = YES;
				CLANG_WARN__DUPLICATE_METHOD_MATCH = YES;
				"CODE_SIGN_IDENTITY[sdk=iphoneos*]" = "iPhone Developer";
				COPY_PHASE_STRIP = NO;
				DEBUG_INFORMATION_FORMAT = "dwarf-with-dsym";
				ENABLE_STRICT_OBJC_MSGSEND = YES;
				GCC_C_LANGUAGE_STANDARD = gnu99;
				GCC_DYNAMIC_NO_PIC = NO;
				GCC_NO_COMMON_BLOCKS = YES;
				GCC_OPTIMIZATION_LEVEL = 0;
				GCC_PREPROCESSOR_DEFINITIONS = (
					"DEBUG=1",
					"$(inherited)",
				);
				GCC_SYMBOLS_PRIVATE_EXTERN = NO;
				GCC_WARN_64_TO_32_BIT_CONVERSION = YES;
				GCC_WARN_ABOUT_RETURN_TYPE = YES_ERROR;
				GCC_WARN_UNDECLARED_SELECTOR = YES;
				GCC_WARN_UNINITIALIZED_AUTOS = YES_AGGRESSIVE;
				GCC_WARN_UNUSED_FUNCTION = YES;
				GCC_WARN_UNUSED_VARIABLE = YES;
				IPHONEOS_DEPLOYMENT_TARGET = 8.3;
				MTL_ENABLE_DEBUG_INFO = YES;
				ONLY_ACTIVE_ARCH = YES;
				SDKROOT = iphoneos;
			};
			name = Debug;
		};
		FD1B00171B9005B500E5FE74 /* Release */ = {
			isa = XCBuildConfiguration;
			buildSettings = {
				ALWAYS_SEARCH_USER_PATHS = NO;
				CLANG_CXX_LANGUAGE_STANDARD = "gnu++0x";
				CLANG_CXX_LIBRARY = "libc++";
				CLANG_ENABLE_MODULES = YES;
				CLANG_ENABLE_OBJC_ARC = YES;
				CLANG_WARN_BOOL_CONVERSION = YES;
				CLANG_WARN_CONSTANT_CONVERSION = YES;
				CLANG_WARN_DIRECT_OBJC_ISA_USAGE = YES_ERROR;
				CLANG_WARN_EMPTY_BODY = YES;
				CLANG_WARN_ENUM_CONVERSION = YES;
				CLANG_WARN_INT_CONVERSION = YES;
				CLANG_WARN_OBJC_ROOT_CLASS = YES_ERROR;
				CLANG_WARN_UNREACHABLE_CODE = YES;
				CLANG_WARN__DUPLICATE_METHOD_MATCH = YES;
				"CODE_SIGN_IDENTITY[sdk=iphoneos*]" = "iPhone Developer";
				COPY_PHASE_STRIP = NO;
				DEBUG_INFORMATION_FORMAT = "dwarf-with-dsym";
				ENABLE_NS_ASSERTIONS = NO;
				ENABLE_STRICT_OBJC_MSGSEND = YES;
				GCC_C_LANGUAGE_STANDARD = gnu99;
				GCC_NO_COMMON_BLOCKS = YES;
				GCC_WARN_64_TO_32_BIT_CONVERSION = YES;
				GCC_WARN_ABOUT_RETURN_TYPE = YES_ERROR;
				GCC_WARN_UNDECLARED_SELECTOR = YES;
				GCC_WARN_UNINITIALIZED_AUTOS = YES_AGGRESSIVE;
				GCC_WARN_UNUSED_FUNCTION = YES;
				GCC_WARN_UNUSED_VARIABLE = YES;
				IPHONEOS_DEPLOYMENT_TARGET = 8.3;
				MTL_ENABLE_DEBUG_INFO = NO;
				SDKROOT = iphoneos;
				VALIDATE_PRODUCT = YES;
			};
			name = Release;
		};
		FD1B00191B9005B500E5FE74 /* Debug */ = {
			isa = XCBuildConfiguration;
			baseConfigurationReference = 1810D4AC4F9A13670FC25435 /* Pods.debug.xcconfig */;
			buildSettings = {
				ASSETCATALOG_COMPILER_APPICON_NAME = AppIcon;
				ASSETCATALOG_COMPILER_LAUNCHIMAGE_NAME = LaunchImage;
				INFOPLIST_FILE = QiQuJoke/Info.plist;
				IPHONEOS_DEPLOYMENT_TARGET = 7.0;
				LD_RUNPATH_SEARCH_PATHS = "$(inherited) @executable_path/Frameworks";
				PRODUCT_NAME = "猜一猜";
				TARGETED_DEVICE_FAMILY = 1;
			};
			name = Debug;
		};
		FD1B001A1B9005B500E5FE74 /* Release */ = {
			isa = XCBuildConfiguration;
			baseConfigurationReference = 8E2DCDEEA6F3A593C2402EEC /* Pods.release.xcconfig */;
			buildSettings = {
				ASSETCATALOG_COMPILER_APPICON_NAME = AppIcon;
				ASSETCATALOG_COMPILER_LAUNCHIMAGE_NAME = LaunchImage;
				INFOPLIST_FILE = QiQuJoke/Info.plist;
				IPHONEOS_DEPLOYMENT_TARGET = 7.0;
				LD_RUNPATH_SEARCH_PATHS = "$(inherited) @executable_path/Frameworks";
				PRODUCT_NAME = "猜一猜";
				TARGETED_DEVICE_FAMILY = 1;
			};
			name = Release;
		};
		FD1B001C1B9005B500E5FE74 /* Debug */ = {
			isa = XCBuildConfiguration;
			buildSettings = {
				BUNDLE_LOADER = "$(TEST_HOST)";
				FRAMEWORK_SEARCH_PATHS = (
					"$(SDKROOT)/Developer/Library/Frameworks",
					"$(inherited)",
				);
				GCC_PREPROCESSOR_DEFINITIONS = (
					"DEBUG=1",
					"$(inherited)",
				);
				INFOPLIST_FILE = QiQuJokeTests/Info.plist;
				LD_RUNPATH_SEARCH_PATHS = "$(inherited) @executable_path/Frameworks @loader_path/Frameworks";
				PRODUCT_NAME = "$(TARGET_NAME)";
				TEST_HOST = "$(BUILT_PRODUCTS_DIR)/QiQuJoke.app/QiQuJoke";
			};
			name = Debug;
		};
		FD1B001D1B9005B500E5FE74 /* Release */ = {
			isa = XCBuildConfiguration;
			buildSettings = {
				BUNDLE_LOADER = "$(TEST_HOST)";
				FRAMEWORK_SEARCH_PATHS = (
					"$(SDKROOT)/Developer/Library/Frameworks",
					"$(inherited)",
				);
				INFOPLIST_FILE = QiQuJokeTests/Info.plist;
				LD_RUNPATH_SEARCH_PATHS = "$(inherited) @executable_path/Frameworks @loader_path/Frameworks";
				PRODUCT_NAME = "$(TARGET_NAME)";
				TEST_HOST = "$(BUILT_PRODUCTS_DIR)/QiQuJoke.app/QiQuJoke";
			};
			name = Release;
		};
/* End XCBuildConfiguration section */

/* Begin XCConfigurationList section */
		FD1B00181B9005B500E5FE74 /* Build configuration list for PBXNativeTarget "QiQuJoke" */ = {
			isa = XCConfigurationList;
			buildConfigurations = (
				FD1B00191B9005B500E5FE74 /* Debug */,
				FD1B001A1B9005B500E5FE74 /* Release */,
			);
			defaultConfigurationIsVisible = 0;
			defaultConfigurationName = Release;
		};
		FD1B001B1B9005B500E5FE74 /* Build configuration list for PBXNativeTarget "QiQuJokeTests" */ = {
			isa = XCConfigurationList;
			buildConfigurations = (
				FD1B001C1B9005B500E5FE74 /* Debug */,
				FD1B001D1B9005B500E5FE74 /* Release */,
			);
			defaultConfigurationIsVisible = 0;
			defaultConfigurationName = Release;
		};
		FD1BFFED1B9005B500E5FE74 /* Build configuration list for PBXProject "QiQuJoke" */ = {
			isa = XCConfigurationList;
			buildConfigurations = (
				FD1B00161B9005B500E5FE74 /* Debug */,
				FD1B00171B9005B500E5FE74 /* Release */,
			);
			defaultConfigurationIsVisible = 0;
			defaultConfigurationName = Release;
		};
/* End XCConfigurationList section */

/* Begin XCVersionGroup section */
		FD1BFFFC1B9005B500E5FE74 /* QiQuJoke.xcdatamodeld */ = {
			isa = XCVersionGroup;
			children = (
				FD1BFFFD1B9005B500E5FE74 /* QiQuJoke.xcdatamodel */,
			);
			currentVersion = FD1BFFFD1B9005B500E5FE74 /* QiQuJoke.xcdatamodel */;
			path = QiQuJoke.xcdatamodeld;
			sourceTree = "<group>";
			versionGroupType = wrapper.xcdatamodel;
		};
/* End XCVersionGroup section */
	};
	rootObject = FD1BFFEA1B9005B500E5FE74 /* Project object */;
}
